{
  "nodes": {
    "argparse": {
      "inputs": {
        "nixpkgs": [
          "flox-floxpkgs",
          "flox-latest",
          "pkgdb",
          "nixpkgs"
        ]
      },
      "locked": {
        "lastModified": 1691774076,
        "narHash": "sha256-J4Cdw5xc1sKfSqT1NfxY58ETj6fAV9aFbFummJqNKss=",
        "owner": "aakropotkin",
        "repo": "argparse",
        "rev": "e3223ebfd8ab893ea041fc1d5ad72533f58b7279",
        "type": "github"
      },
      "original": {
        "owner": "aakropotkin",
        "repo": "argparse",
        "type": "github"
      }
    },
    "argparse_2": {
      "inputs": {
        "nixpkgs": [
          "flox-floxpkgs",
          "flox-main",
          "pkgdb",
          "nixpkgs"
        ]
      },
      "locked": {
        "lastModified": 1691774076,
        "narHash": "sha256-J4Cdw5xc1sKfSqT1NfxY58ETj6fAV9aFbFummJqNKss=",
        "owner": "aakropotkin",
        "repo": "argparse",
        "rev": "e3223ebfd8ab893ea041fc1d5ad72533f58b7279",
        "type": "github"
      },
      "original": {
        "owner": "aakropotkin",
        "repo": "argparse",
        "type": "github"
      }
    },
    "builtfilter": {
      "inputs": {
        "flox-floxpkgs": [
          "flox-floxpkgs"
        ]
      },
      "locked": {
        "lastModified": 1690396033,
        "narHash": "sha256-Ei0/avjSGJab4MnBEFxBSJwn9A3TAMTtN50p+95tDjw=",
        "owner": "flox",
        "repo": "builtfilter",
        "rev": "ac4f6510377ebe886d268efd827e7d20c37bce10",
        "type": "github"
      },
      "original": {
        "owner": "flox",
        "ref": "builtfilter-rs",
        "repo": "builtfilter",
        "type": "github"
      }
    },
    "capacitor": {
      "inputs": {
        "nixpkgs": "nixpkgs",
        "nixpkgs-lib": "nixpkgs-lib"
      },
      "locked": {
        "lastModified": 1675629156,
        "narHash": "sha256-55UOZa4MUTgCwyK8jrskwFLATDuMAvXyC7GGcsF45Xg=",
        "owner": "flox",
        "repo": "capacitor",
        "rev": "0694a193660db2cb1a7a6e04949478b25f81d802",
        "type": "github"
      },
      "original": {
        "owner": "flox",
        "ref": "v0",
        "repo": "capacitor",
        "type": "github"
      }
    },
    "capacitor_2": {
      "inputs": {
        "nixpkgs": [
          "flox-floxpkgs",
          "nixpkgs",
          "nixpkgs"
        ],
        "nixpkgs-lib": "nixpkgs-lib_2"
      },
      "locked": {
        "lastModified": 1675629156,
        "narHash": "sha256-55UOZa4MUTgCwyK8jrskwFLATDuMAvXyC7GGcsF45Xg=",
        "owner": "flox",
        "repo": "capacitor",
        "rev": "0694a193660db2cb1a7a6e04949478b25f81d802",
        "type": "github"
      },
      "original": {
        "owner": "flox",
        "repo": "capacitor",
        "type": "github"
      }
    },
    "crane": {
      "inputs": {
        "flake-compat": [
          "flox-floxpkgs",
          "flox-latest",
          "shellHooks",
          "flake-compat"
        ],
        "flake-utils": [
          "flox-floxpkgs",
          "flox-latest",
          "shellHooks",
          "flake-utils"
        ],
        "nixpkgs": [
          "flox-floxpkgs",
          "flox-latest",
          "nixpkgs"
        ],
        "rust-overlay": "rust-overlay"
      },
      "locked": {
        "lastModified": 1697165857,
        "narHash": "sha256-Cho+TPHCIfx/sVo5scjNDP2XUCpUxcyKvoMlJ8w9dgQ=",
        "owner": "ipetkov",
        "repo": "crane",
        "rev": "117ac48319c0dbcff5540781c7c5b18166e33f6a",
        "type": "github"
      },
      "original": {
        "owner": "ipetkov",
        "repo": "crane",
        "type": "github"
      }
    },
    "crane_2": {
      "inputs": {
        "nixpkgs": [
          "flox-floxpkgs",
          "flox-main",
          "nixpkgs"
        ]
      },
      "locked": {
        "lastModified": 1698166613,
        "narHash": "sha256-y4rdN4flxRiROqNi1waMYIZj/Fs7L2OrszFk/1ry9vU=",
        "owner": "ipetkov",
        "repo": "crane",
        "rev": "b7db46f0f1751f7b1d1911f6be7daf568ad5bc65",
        "type": "github"
      },
      "original": {
        "owner": "ipetkov",
        "repo": "crane",
        "type": "github"
      }
    },
    "etc-profiles": {
      "inputs": {
        "nixpkgs": "nixpkgs_2"
      },
      "locked": {
        "lastModified": 1688585987,
        "narHash": "sha256-yFOXCPZaYkHoo5+AOL6k4cLFCFvyzy5442zZ/v3jd3w=",
        "owner": "flox",
        "repo": "etc-profiles",
        "rev": "363488fbfe42825cf2efb2b4ca9d633a069d7404",
        "type": "github"
      },
      "original": {
        "owner": "flox",
        "repo": "etc-profiles",
        "type": "github"
      }
    },
    "flake-compat": {
      "flake": false,
      "locked": {
        "lastModified": 1673956053,
        "narHash": "sha256-4gtG9iQuiKITOjNQQeQIpoIB6b16fm+504Ch3sNKLd8=",
        "owner": "edolstra",
        "repo": "flake-compat",
        "rev": "35bb57c0c8d8b62bbfd284272c928ceb64ddbde9",
        "type": "github"
      },
      "original": {
        "owner": "edolstra",
        "repo": "flake-compat",
        "type": "github"
      }
    },
    "flake-compat_2": {
      "flake": false,
      "locked": {
        "lastModified": 1673956053,
        "narHash": "sha256-4gtG9iQuiKITOjNQQeQIpoIB6b16fm+504Ch3sNKLd8=",
        "owner": "edolstra",
        "repo": "flake-compat",
        "rev": "35bb57c0c8d8b62bbfd284272c928ceb64ddbde9",
        "type": "github"
      },
      "original": {
        "owner": "edolstra",
        "repo": "flake-compat",
        "type": "github"
      }
    },
    "flake-compat_3": {
      "flake": false,
      "locked": {
        "lastModified": 1673956053,
        "narHash": "sha256-4gtG9iQuiKITOjNQQeQIpoIB6b16fm+504Ch3sNKLd8=",
        "owner": "edolstra",
        "repo": "flake-compat",
        "rev": "35bb57c0c8d8b62bbfd284272c928ceb64ddbde9",
        "type": "github"
      },
      "original": {
        "owner": "edolstra",
        "repo": "flake-compat",
        "type": "github"
      }
    },
    "flake-utils": {
      "inputs": {
        "systems": "systems"
      },
      "locked": {
        "lastModified": 1685518550,
        "narHash": "sha256-o2d0KcvaXzTrPRIo0kOLV0/QXHhDQ5DTi+OxcjO8xqY=",
        "owner": "numtide",
        "repo": "flake-utils",
        "rev": "a1720a10a6cfe8234c0e93907ffe81be440f4cef",
        "type": "github"
      },
      "original": {
        "owner": "numtide",
        "repo": "flake-utils",
        "type": "github"
      }
    },
    "flake-utils_2": {
      "inputs": {
        "systems": "systems_2"
      },
      "locked": {
        "lastModified": 1685518550,
        "narHash": "sha256-o2d0KcvaXzTrPRIo0kOLV0/QXHhDQ5DTi+OxcjO8xqY=",
        "owner": "numtide",
        "repo": "flake-utils",
        "rev": "a1720a10a6cfe8234c0e93907ffe81be440f4cef",
        "type": "github"
      },
      "original": {
        "owner": "numtide",
        "repo": "flake-utils",
        "type": "github"
      }
    },
    "flake-utils_3": {
      "inputs": {
        "systems": "systems_3"
      },
      "locked": {
        "lastModified": 1685518550,
        "narHash": "sha256-o2d0KcvaXzTrPRIo0kOLV0/QXHhDQ5DTi+OxcjO8xqY=",
        "owner": "numtide",
        "repo": "flake-utils",
        "rev": "a1720a10a6cfe8234c0e93907ffe81be440f4cef",
        "type": "github"
      },
      "original": {
        "owner": "numtide",
        "repo": "flake-utils",
        "type": "github"
      }
    },
    "floco": {
      "inputs": {
        "nixpkgs": [
          "flox-floxpkgs",
          "flox-latest",
          "pkgdb",
          "nixpkgs"
        ]
      },
      "locked": {
        "lastModified": 1691024356,
        "narHash": "sha256-uGLyhkwew6ORO6nAz0Y7KHdiQrDJVI2n6rl4gl7mWzk=",
        "owner": "aakropotkin",
        "repo": "floco",
        "rev": "1e84b4b16bba5746e1195fa3a4d8addaaf2d9ef4",
        "type": "github"
      },
      "original": {
        "owner": "aakropotkin",
        "repo": "floco",
        "type": "github"
      }
    },
    "floco_2": {
      "inputs": {
        "nixpkgs": [
          "flox-floxpkgs",
          "flox-main",
          "pkgdb",
          "nixpkgs"
        ]
      },
      "locked": {
        "lastModified": 1691024356,
        "narHash": "sha256-uGLyhkwew6ORO6nAz0Y7KHdiQrDJVI2n6rl4gl7mWzk=",
        "owner": "aakropotkin",
        "repo": "floco",
        "rev": "1e84b4b16bba5746e1195fa3a4d8addaaf2d9ef4",
        "type": "github"
      },
      "original": {
        "owner": "aakropotkin",
        "repo": "floco",
        "type": "github"
      }
    },
    "flox-floxpkgs": {
      "inputs": {
        "builtfilter": "builtfilter",
        "capacitor": "capacitor",
        "etc-profiles": "etc-profiles",
        "flox": [
          "flox-floxpkgs",
          "flox-latest"
        ],
        "flox-latest": "flox-latest",
        "flox-main": "flox-main",
        "nixpkgs": "nixpkgs_5"
      },
      "locked": {
        "lastModified": 1698899839,
        "narHash": "sha256-Oew/ZDj8zt2DsmmIVOin5UtY7lqDMcswzaVfNjzJmos=",
        "owner": "flox",
        "repo": "floxpkgs",
        "rev": "c2ca410128937acfa0a142364d7874a3487ca197",
        "type": "github"
      },
      "original": {
        "owner": "flox",
        "repo": "floxpkgs",
        "type": "github"
      }
    },
    "flox-latest": {
      "inputs": {
        "crane": "crane",
        "floco": [
          "flox-floxpkgs",
          "flox-latest",
          "pkgdb",
          "floco"
        ],
        "nixpkgs": [
          "flox-floxpkgs",
          "flox-latest",
          "pkgdb",
          "nixpkgs"
        ],
        "parser-util": "parser-util",
        "pkgdb": "pkgdb",
        "shellHooks": "shellHooks"
      },
      "locked": {
        "lastModified": 1698339512,
        "narHash": "sha256-+/x9h9tsWbD5c4aDLy1Ru2ziP2U8myse7NaPkArmeU8=",
        "ref": "latest",
        "rev": "2f44b10256364e57291b0bbaa2be4d26573f7a90",
        "revCount": 692,
        "type": "git",
        "url": "https://github.com/flox/flox"
      },
      "original": {
        "ref": "latest",
        "type": "git",
        "url": "https://github.com/flox/flox"
      }
    },
    "flox-main": {
      "inputs": {
        "crane": "crane_2",
        "floco": [
          "flox-floxpkgs",
          "flox-main",
          "pkgdb",
          "floco"
        ],
        "nixpkgs": [
          "flox-floxpkgs",
          "flox-main",
          "pkgdb",
          "nixpkgs"
        ],
        "parser-util": "parser-util_2",
        "pkgdb": "pkgdb_2",
        "shellHooks": "shellHooks_2"
      },
      "locked": {
        "lastModified": 1698879096,
        "narHash": "sha256-l2h5pF9CcrVPHHQ709rGQ+joib2H8AcBjwRDA8BGRs8=",
        "ref": "refs/heads/main",
        "rev": "33088aa0b236d8ee7b69dd9aad70b03b2f37dbba",
        "revCount": 715,
        "type": "git",
        "url": "https://github.com/flox/flox"
      },
      "original": {
        "type": "git",
        "url": "https://github.com/flox/flox"
      }
    },
    "gitignore": {
      "inputs": {
        "nixpkgs": [
          "flox-floxpkgs",
          "flox-latest",
          "shellHooks",
          "nixpkgs"
        ]
      },
      "locked": {
        "lastModified": 1660459072,
        "narHash": "sha256-8DFJjXG8zqoONA1vXtgeKXy68KdJL5UaXR8NtVMUbx8=",
        "owner": "hercules-ci",
        "repo": "gitignore.nix",
        "rev": "a20de23b925fd8264fd7fad6454652e142fd7f73",
        "type": "github"
      },
      "original": {
        "owner": "hercules-ci",
        "repo": "gitignore.nix",
        "type": "github"
      }
    },
    "gitignore_2": {
      "inputs": {
        "nixpkgs": [
          "flox-floxpkgs",
          "flox-main",
          "shellHooks",
          "nixpkgs"
        ]
      },
      "locked": {
        "lastModified": 1660459072,
        "narHash": "sha256-8DFJjXG8zqoONA1vXtgeKXy68KdJL5UaXR8NtVMUbx8=",
        "owner": "hercules-ci",
        "repo": "gitignore.nix",
        "rev": "a20de23b925fd8264fd7fad6454652e142fd7f73",
        "type": "github"
      },
      "original": {
        "owner": "hercules-ci",
        "repo": "gitignore.nix",
        "type": "github"
      }
    },
    "gitignore_3": {
      "inputs": {
        "nixpkgs": [
          "shellHooks",
          "nixpkgs"
        ]
      },
      "locked": {
        "lastModified": 1660459072,
        "narHash": "sha256-8DFJjXG8zqoONA1vXtgeKXy68KdJL5UaXR8NtVMUbx8=",
        "owner": "hercules-ci",
        "repo": "gitignore.nix",
        "rev": "a20de23b925fd8264fd7fad6454652e142fd7f73",
        "type": "github"
      },
      "original": {
        "owner": "hercules-ci",
        "repo": "gitignore.nix",
        "type": "github"
      }
    },
    "nix-patches": {
      "flake": false,
      "locked": {
        "lastModified": 1698941205,
        "narHash": "sha256-metk2aOHoSBAaxj1YhTd/4fMfF3/+272M8FPA8mNuAM=",
        "owner": "flox",
        "repo": "pkgdb",
        "rev": "515c941b758332a11f19350fc68844e31dafe65d",
        "type": "github"
      },
      "original": {
        "owner": "flox",
        "ref": "tomberek.bump-nix",
        "repo": "pkgdb",
        "type": "github"
      }
    },
    "nixpkgs": {
      "locked": {
        "lastModified": 1695644571,
        "narHash": "sha256-asS9dCCdlt1lPq0DLwkVBbVoEKuEuz+Zi3DG7pR/RxA=",
        "owner": "flox",
        "repo": "nixpkgs",
        "rev": "6500b4580c2a1f3d0f980d32d285739d8e156d92",
        "type": "github"
      },
      "original": {
        "owner": "flox",
        "ref": "stable",
        "repo": "nixpkgs",
        "type": "github"
      }
    },
    "nixpkgs-lib": {
      "locked": {
        "lastModified": 1698540503,
        "narHash": "sha256-YN6DJQc7SMe6ep9FhD2BGl92bo24NPNRWjADEJE4xeU=",
        "owner": "nix-community",
        "repo": "nixpkgs.lib",
        "rev": "ce2acb20a405bf6f910081c2adc988bbc8100e4c",
        "type": "github"
      },
      "original": {
        "owner": "nix-community",
        "repo": "nixpkgs.lib",
        "type": "github"
      }
    },
    "nixpkgs-lib_2": {
      "locked": {
        "lastModified": 1698540503,
        "narHash": "sha256-YN6DJQc7SMe6ep9FhD2BGl92bo24NPNRWjADEJE4xeU=",
        "owner": "nix-community",
        "repo": "nixpkgs.lib",
        "rev": "ce2acb20a405bf6f910081c2adc988bbc8100e4c",
        "type": "github"
      },
      "original": {
        "owner": "nix-community",
        "repo": "nixpkgs.lib",
        "type": "github"
      }
    },
    "nixpkgs-stable": {
      "locked": {
        "lastModified": 1685801374,
        "narHash": "sha256-otaSUoFEMM+LjBI1XL/xGB5ao6IwnZOXc47qhIgJe8U=",
        "owner": "NixOS",
        "repo": "nixpkgs",
        "rev": "c37ca420157f4abc31e26f436c1145f8951ff373",
        "type": "github"
      },
      "original": {
        "owner": "NixOS",
        "ref": "nixos-23.05",
        "repo": "nixpkgs",
        "type": "github"
      }
    },
    "nixpkgs-stable_2": {
      "locked": {
        "lastModified": 1685801374,
        "narHash": "sha256-otaSUoFEMM+LjBI1XL/xGB5ao6IwnZOXc47qhIgJe8U=",
        "owner": "NixOS",
        "repo": "nixpkgs",
        "rev": "c37ca420157f4abc31e26f436c1145f8951ff373",
        "type": "github"
      },
      "original": {
        "owner": "NixOS",
        "ref": "nixos-23.05",
        "repo": "nixpkgs",
        "type": "github"
      }
    },
    "nixpkgs-stable_3": {
      "locked": {
        "lastModified": 1695644571,
        "narHash": "sha256-asS9dCCdlt1lPq0DLwkVBbVoEKuEuz+Zi3DG7pR/RxA=",
        "owner": "flox",
        "repo": "nixpkgs",
        "rev": "6500b4580c2a1f3d0f980d32d285739d8e156d92",
        "type": "github"
      },
      "original": {
        "owner": "flox",
        "ref": "stable",
        "repo": "nixpkgs",
        "type": "github"
      }
    },
    "nixpkgs-staging": {
      "locked": {
        "lastModified": 1697723726,
        "narHash": "sha256-SaTWPkI8a5xSHX/rrKzUe+/uVNy6zCGMXgoeMb7T9rg=",
        "owner": "flox",
        "repo": "nixpkgs",
        "rev": "7c9cc5a6e5d38010801741ac830a3f8fd667a7a0",
        "type": "github"
      },
      "original": {
        "owner": "flox",
        "ref": "staging",
        "repo": "nixpkgs",
        "type": "github"
      }
    },
    "nixpkgs-unstable": {
      "locked": {
        "lastModified": 1698611440,
        "narHash": "sha256-jPjHjrerhYDy3q9+s5EAsuhyhuknNfowY6yt6pjn9pc=",
        "owner": "flox",
        "repo": "nixpkgs",
        "rev": "0cbe9f69c234a7700596e943bfae7ef27a31b735",
        "type": "github"
      },
      "original": {
        "owner": "flox",
        "ref": "unstable",
        "repo": "nixpkgs",
        "type": "github"
      }
    },
    "nixpkgs_2": {
      "locked": {
        "lastModified": 1687977148,
        "narHash": "sha256-gUcXiU2GgjYIc65GOIemdBJZ+lkQxuyIh7OkR9j0gCo=",
        "owner": "NixOS",
        "repo": "nixpkgs",
        "rev": "60a783e00517fce85c42c8c53fe0ed05ded5b2a4",
        "type": "github"
      },
      "original": {
        "id": "nixpkgs",
        "type": "indirect"
      }
    },
    "nixpkgs_3": {
      "locked": {
        "lastModified": 1697828342,
        "narHash": "sha256-DSaN5aa+Kyo84GoQL1dIg0H9AMLl8yU4q+uN2AjEi4s=",
        "owner": "NixOS",
        "repo": "nixpkgs",
        "rev": "96f7c64907ccdb53e36b3c02b5165dfd491ec0db",
        "type": "github"
      },
      "original": {
        "owner": "NixOS",
        "ref": "release-23.05",
        "repo": "nixpkgs",
        "type": "github"
      }
    },
    "nixpkgs_4": {
      "locked": {
        "lastModified": 1697828342,
        "narHash": "sha256-DSaN5aa+Kyo84GoQL1dIg0H9AMLl8yU4q+uN2AjEi4s=",
        "owner": "NixOS",
        "repo": "nixpkgs",
        "rev": "96f7c64907ccdb53e36b3c02b5165dfd491ec0db",
        "type": "github"
      },
      "original": {
        "owner": "NixOS",
        "ref": "release-23.05",
        "repo": "nixpkgs",
        "type": "github"
      }
    },
    "nixpkgs_5": {
      "inputs": {
        "capacitor": "capacitor_2",
        "flox": [
          "flox-floxpkgs",
          "flox"
        ],
        "flox-floxpkgs": [
          "flox-floxpkgs"
        ],
        "nixpkgs": [
          "flox-floxpkgs",
          "nixpkgs",
          "nixpkgs-stable"
        ],
        "nixpkgs-stable": "nixpkgs-stable_3",
        "nixpkgs-staging": "nixpkgs-staging",
        "nixpkgs-unstable": "nixpkgs-unstable",
        "nixpkgs__flox__aarch64-darwin": "nixpkgs__flox__aarch64-darwin",
        "nixpkgs__flox__aarch64-linux": "nixpkgs__flox__aarch64-linux",
        "nixpkgs__flox__i686-linux": "nixpkgs__flox__i686-linux",
        "nixpkgs__flox__x86_64-darwin": "nixpkgs__flox__x86_64-darwin",
        "nixpkgs__flox__x86_64-linux": "nixpkgs__flox__x86_64-linux"
      },
      "locked": {
        "lastModified": 1698899785,
        "narHash": "sha256-D9ETTV3fOneFpckTIUc7I86xZeT0DKBFgnXV/MPEYyM=",
        "owner": "flox",
        "repo": "nixpkgs-flox",
        "rev": "5ca9fd4b489a83d51898728f54e1e5ad2012a5ba",
        "type": "github"
      },
      "original": {
        "owner": "flox",
        "repo": "nixpkgs-flox",
        "type": "github"
      }
    },
    "nixpkgs_6": {
      "locked": {
        "lastModified": 1698942558,
        "narHash": "sha256-/UmnB+mEd6Eg3mJBrAgqRcyZX//RSjHphcCO7Ig9Bpk=",
        "owner": "NixOS",
        "repo": "nixpkgs",
        "rev": "621f51253edffa1d6f08d5fce4f08614c852d17e",
        "type": "github"
      },
      "original": {
        "owner": "NixOS",
        "ref": "release-23.05",
        "repo": "nixpkgs",
        "type": "github"
      }
    },
    "nixpkgs__flox__aarch64-darwin": {
      "flake": false,
      "locked": {
        "host": "catalog.floxsdlc.com",
        "lastModified": 1698899681,
        "narHash": "sha256-E8OtPLFdP4Q2yIqajdrG8wthhkVOMDkNL+FiaB1ZOFk=",
        "owner": "flox",
        "repo": "nixpkgs-flox",
        "rev": "f2b1edb69da957d2be0cd9745a04f6c8db0f282f",
        "type": "github"
      },
      "original": {
        "host": "catalog.floxsdlc.com",
        "owner": "flox",
        "ref": "aarch64-darwin",
        "repo": "nixpkgs-flox",
        "type": "github"
      }
    },
    "nixpkgs__flox__aarch64-linux": {
      "flake": false,
      "locked": {
        "host": "catalog.floxsdlc.com",
        "lastModified": 1698875859,
        "narHash": "sha256-WzUXyDh9A/Lo2x2PHZyGsDLwA1e4GfHIDLSI7O6w/KY=",
        "owner": "flox",
        "repo": "nixpkgs-flox",
        "rev": "08283e36be1b42fc7059b32af503032526aef9bb",
        "type": "github"
      },
      "original": {
        "host": "catalog.floxsdlc.com",
        "owner": "flox",
        "ref": "aarch64-linux",
        "repo": "nixpkgs-flox",
        "type": "github"
      }
    },
    "nixpkgs__flox__i686-linux": {
      "flake": false,
      "locked": {
        "host": "catalog.floxsdlc.com",
        "lastModified": 1698784583,
        "narHash": "sha256-cNnaaSfw6J115ppC14HF/dsFbDw3AHfCC3JhO0mZ+rM=",
        "owner": "flox",
        "repo": "nixpkgs-flox",
        "rev": "f3ab63fc1257146ded0840ba5db904e46bd19630",
        "type": "github"
      },
      "original": {
        "host": "catalog.floxsdlc.com",
        "owner": "flox",
        "ref": "i686-linux",
        "repo": "nixpkgs-flox",
        "type": "github"
      }
    },
    "nixpkgs__flox__x86_64-darwin": {
      "flake": false,
      "locked": {
        "host": "catalog.floxsdlc.com",
        "lastModified": 1698872917,
        "narHash": "sha256-6TID7mhnSj8i1kzj2eyCCMlZsdX7tPPxlAMVW1tLCGs=",
        "owner": "flox",
        "repo": "nixpkgs-flox",
        "rev": "4ec020ee8140b9d6a5266fa1ad72770bea3a290d",
        "type": "github"
      },
      "original": {
        "host": "catalog.floxsdlc.com",
        "owner": "flox",
        "ref": "x86_64-darwin",
        "repo": "nixpkgs-flox",
        "type": "github"
      }
    },
    "nixpkgs__flox__x86_64-linux": {
      "flake": false,
      "locked": {
        "host": "catalog.floxsdlc.com",
        "lastModified": 1698784547,
        "narHash": "sha256-drVncXeBBdOeqR2oYJmtkgQzzw9qljd1UYtWil5I14g=",
        "owner": "flox",
        "repo": "nixpkgs-flox",
        "rev": "b992fe9339f92eb7f0dd53c833b997bd586bf877",
        "type": "github"
      },
      "original": {
        "host": "catalog.floxsdlc.com",
        "owner": "flox",
        "ref": "x86_64-linux",
        "repo": "nixpkgs-flox",
        "type": "github"
      }
    },
    "parser-util": {
      "inputs": {
        "nixpkgs": [
          "flox-floxpkgs",
          "flox-latest",
          "nixpkgs"
        ]
      },
      "locked": {
        "lastModified": 1690383292,
        "narHash": "sha256-Qp756opzWms8fDvekQEIUumGGuWNFN9il54caLnjBHo=",
        "owner": "flox",
        "repo": "parser-util",
        "rev": "d3ba8a0e4b4fb9f563f7d8128f9df5e07fdd7034",
        "type": "github"
      },
      "original": {
        "owner": "flox",
        "ref": "v0",
        "repo": "parser-util",
        "type": "github"
      }
    },
    "parser-util_2": {
      "inputs": {
        "nixpkgs": [
          "flox-floxpkgs",
          "flox-main",
          "nixpkgs"
        ]
      },
      "locked": {
        "lastModified": 1690383292,
        "narHash": "sha256-Qp756opzWms8fDvekQEIUumGGuWNFN9il54caLnjBHo=",
        "owner": "flox",
        "repo": "parser-util",
        "rev": "d3ba8a0e4b4fb9f563f7d8128f9df5e07fdd7034",
        "type": "github"
      },
      "original": {
        "owner": "flox",
        "ref": "v0",
        "repo": "parser-util",
        "type": "github"
      }
    },
    "parser-util_3": {
      "inputs": {
        "nix-patches": "nix-patches",
        "nixpkgs": "nixpkgs_6"
      },
      "locked": {
        "lastModified": 1698964598,
        "narHash": "sha256-auAAcivXDqhJ8zoEO9C5RYkC0JngdthU2fvCcESXmeI=",
        "owner": "flox",
        "repo": "parser-util",
        "rev": "d9a2099833802d9718bd71345141e58cbdb3aea8",
        "type": "github"
      },
      "original": {
        "owner": "flox",
        "ref": "v0",
        "repo": "parser-util",
        "type": "github"
      }
    },
    "pkgdb": {
      "inputs": {
        "argparse": "argparse",
        "floco": "floco",
        "nixpkgs": "nixpkgs_3",
        "sqlite3pp": "sqlite3pp"
      },
      "locked": {
        "lastModified": 1697839458,
        "narHash": "sha256-8YLXvOvE5Fvuns68exAP5oEIke95OTYpIxSqHAwldMQ=",
        "owner": "flox",
        "repo": "pkgdb",
        "rev": "e50404e82dfc3eb5b6af049db451ebe96f08692a",
        "type": "github"
      },
      "original": {
        "owner": "flox",
        "repo": "pkgdb",
        "type": "github"
      }
    },
    "pkgdb_2": {
      "inputs": {
        "argparse": "argparse_2",
        "floco": "floco_2",
        "nixpkgs": "nixpkgs_4",
        "sqlite3pp": "sqlite3pp_2"
      },
      "locked": {
        "lastModified": 1698339474,
        "narHash": "sha256-T6GzEMqCJ4aTpCszQ9/K6MTBT/OA/+GQcsh+/rY3n9s=",
        "owner": "flox",
        "repo": "pkgdb",
        "rev": "ff64955feb4a391f7246cf96a29b19698d46de14",
        "type": "github"
      },
      "original": {
        "owner": "flox",
        "repo": "pkgdb",
        "type": "github"
      }
    },
    "root": {
      "inputs": {
        "flox-floxpkgs": "flox-floxpkgs",
        "nixpkgs": [
          "flox-floxpkgs",
          "nixpkgs",
          "nixpkgs"
        ],
        "parser-util": "parser-util_3",
        "shellHooks": "shellHooks_3"
      }
    },
    "rust-overlay": {
      "inputs": {
        "flake-utils": [
          "flox-floxpkgs",
          "flox-latest",
          "crane",
          "flake-utils"
        ],
        "nixpkgs": [
          "flox-floxpkgs",
          "flox-latest",
          "crane",
          "nixpkgs"
        ]
      },
      "locked": {
        "lastModified": 1696299134,
        "narHash": "sha256-RS77cAa0N+Sfj5EmKbm5IdncNXaBCE1BSSQvUE8exvo=",
        "owner": "oxalica",
        "repo": "rust-overlay",
        "rev": "611ccdceed92b4d94ae75328148d84ee4a5b462d",
        "type": "github"
      },
      "original": {
        "owner": "oxalica",
        "repo": "rust-overlay",
        "type": "github"
      }
    },
    "shellHooks": {
      "inputs": {
        "flake-compat": "flake-compat",
        "flake-utils": "flake-utils",
        "gitignore": "gitignore",
        "nixpkgs": [
          "flox-floxpkgs",
          "flox-latest",
          "nixpkgs"
        ],
        "nixpkgs-stable": "nixpkgs-stable"
      },
      "locked": {
        "lastModified": 1696846637,
        "narHash": "sha256-0hv4kbXxci2+pxhuXlVgftj/Jq79VSmtAyvfabCCtYk=",
        "owner": "cachix",
        "repo": "pre-commit-hooks.nix",
        "rev": "42e1b6095ef80a51f79595d9951eb38e91c4e6ca",
        "type": "github"
      },
      "original": {
        "owner": "cachix",
        "repo": "pre-commit-hooks.nix",
        "type": "github"
      }
    },
    "shellHooks_2": {
      "inputs": {
        "flake-compat": "flake-compat_2",
        "flake-utils": "flake-utils_2",
        "gitignore": "gitignore_2",
        "nixpkgs": [
          "flox-floxpkgs",
          "flox-main",
          "nixpkgs"
        ],
        "nixpkgs-stable": "nixpkgs-stable_2"
      },
      "locked": {
        "lastModified": 1698227354,
        "narHash": "sha256-Fi5H9jbaQLmLw9qBi/mkR33CoFjNbobo5xWdX4tKz1Q=",
        "owner": "cachix",
        "repo": "pre-commit-hooks.nix",
        "rev": "bd38df3d508dfcdff52cd243d297f218ed2257bf",
        "type": "github"
      },
      "original": {
        "owner": "cachix",
        "repo": "pre-commit-hooks.nix",
        "type": "github"
      }
    },
    "shellHooks_3": {
      "inputs": {
        "flake-compat": "flake-compat_3",
        "flake-utils": "flake-utils_3",
        "gitignore": "gitignore_3",
        "nixpkgs": [
          "nixpkgs"
        ],
        "nixpkgs-stable": [
          "nixpkgs"
        ]
      },
      "locked": {
        "lastModified": 1698852633,
        "narHash": "sha256-Hsc/cCHud8ZXLvmm8pxrXpuaPEeNaaUttaCvtdX/Wug=",
        "owner": "cachix",
        "repo": "pre-commit-hooks.nix",
        "rev": "dec10399e5b56aa95fcd530e0338be72ad6462a0",
        "type": "github"
      },
      "original": {
        "owner": "cachix",
        "repo": "pre-commit-hooks.nix",
        "type": "github"
      }
    },
    "sqlite3pp": {
      "inputs": {
        "nixpkgs": [
          "flox-floxpkgs",
          "flox-latest",
          "pkgdb",
          "nixpkgs"
        ]
      },
      "locked": {
        "lastModified": 1691154329,
        "narHash": "sha256-nMtwh/G1/Zt70rl540jn+nFVJuju0NdXJwk2Y3pNB+k=",
        "owner": "aakropotkin",
        "repo": "sqlite3pp",
        "rev": "775e48a6c7a63a51585cd628f6c9816ba634a246",
        "type": "github"
      },
      "original": {
        "owner": "aakropotkin",
        "repo": "sqlite3pp",
        "type": "github"
      }
    },
    "sqlite3pp_2": {
      "inputs": {
        "nixpkgs": [
          "flox-floxpkgs",
          "flox-main",
          "pkgdb",
          "nixpkgs"
        ]
      },
      "locked": {
        "lastModified": 1691154329,
        "narHash": "sha256-nMtwh/G1/Zt70rl540jn+nFVJuju0NdXJwk2Y3pNB+k=",
        "owner": "aakropotkin",
        "repo": "sqlite3pp",
        "rev": "775e48a6c7a63a51585cd628f6c9816ba634a246",
        "type": "github"
      },
      "original": {
        "owner": "aakropotkin",
        "repo": "sqlite3pp",
        "type": "github"
      }
    },
    "systems": {
      "locked": {
        "lastModified": 1681028828,
        "narHash": "sha256-Vy1rq5AaRuLzOxct8nz4T6wlgyUR7zLU309k9mBC768=",
        "owner": "nix-systems",
        "repo": "default",
        "rev": "da67096a3b9bf56a91d16901293e51ba5b49a27e",
        "type": "github"
      },
      "original": {
        "owner": "nix-systems",
        "repo": "default",
        "type": "github"
      }
    },
    "systems_2": {
      "locked": {
        "lastModified": 1681028828,
        "narHash": "sha256-Vy1rq5AaRuLzOxct8nz4T6wlgyUR7zLU309k9mBC768=",
        "owner": "nix-systems",
        "repo": "default",
        "rev": "da67096a3b9bf56a91d16901293e51ba5b49a27e",
        "type": "github"
      },
      "original": {
        "owner": "nix-systems",
        "repo": "default",
        "type": "github"
      }
    },
    "systems_3": {
      "locked": {
        "lastModified": 1681028828,
        "narHash": "sha256-Vy1rq5AaRuLzOxct8nz4T6wlgyUR7zLU309k9mBC768=",
        "owner": "nix-systems",
        "repo": "default",
        "rev": "da67096a3b9bf56a91d16901293e51ba5b49a27e",
        "type": "github"
      },
      "original": {
        "owner": "nix-systems",
        "repo": "default",
        "type": "github"
      }
    }
  },
  "root": "root",
  "version": 7
}
